
Microsoft Visual Studio Solution File, Format Version 12.00
# Visual Studio 2012
Project("{FAE04EC0-301F-11D3-BF4B-00C04F79EFBC}") = "WindowsFormsApplication1", "WindowsFormsApplication1\WindowsFormsApplication1.csproj", "{12B7D107-C876-47E7-BB9D-AF4F8E4B87FE}"
EndProject
Global
	GlobalSection(SolutionConfigurationPlatforms) = preSolution
		Debug|Any CPU = Debug|Any CPU
		Release|Any CPU = Release|Any CPU
	EndGlobalSection
	GlobalSection(ProjectConfigurationPlatforms) = postSolution
		{12B7D107-C876-47E7-BB9D-AF4F8E4B87FE}.Debug|Any CPU.ActiveCfg = Debug|Any CPU
		{12B7D107-C876-47E7-BB9D-AF4F8E4B87FE}.Debug|Any CPU.Build.0 = Debug|Any CPU
		{12B7D107-C876-47E7-BB9D-AF4F8E4B87FE}.Release|Any CPU.ActiveCfg = Release|Any CPU
		{12B7D107-C876-47E7-BB9D-AF4F8E4B87FE}.Release|Any CPU.Build.0 = Release|Any CPU
	EndGlobalSection
	GlobalSection(SolutionProperties) = preSolution
		HideSolutionNode = FALSE
	EndGlobalSection
EndGlobal
